
Microsoft Visual Studio Solution File, Format Version 12.00
# Visual Studio Version 16
VisualStudioVersion = 16.0.30309.148
MinimumVisualStudioVersion = 10.0.40219.1
Project("{FAE04EC0-301F-11D3-BF4B-00C04F79EFBC}") = "PCCleaner.Models", "PCCleaner.Model\PCCleaner.Models.csproj", "{42FABB80-0EFD-44C5-9A1E-63C7C462D59F}"
EndProject
Project("{FAE04EC0-301F-11D3-BF4B-00C04F79EFBC}") = "PCCleaner.ViewModels", "PCCleaner.ViewModels\PCCleaner.ViewModels.csproj", "{F9BBF71E-8002-4C19-99E6-DE1BE03F6B00}"
EndProject
Project("{FAE04EC0-301F-11D3-BF4B-00C04F79EFBC}") = "PCCleaner", "PCCleaner\PCCleaner.csproj", "{52CEF7CD-B5E1-4869-9110-85ADD925369D}"
EndProject
Project("{FAE04EC0-301F-11D3-BF4B-00C04F79EFBC}") = "PCCleaner.Helpers", "PCCleaner.Helpers\PCCleaner.Helpers.csproj", "{245AD6AA-9E5B-47FE-A875-00B55759FA4B}"
EndProject
Project("{FAE04EC0-301F-11D3-BF4B-00C04F79EFBC}") = "PCCleaner.Resources", "PCCleaner.Resources\PCCleaner.Resources.csproj", "{9A6C44D6-0419-46BC-997A-2CCE30C93AE5}"
EndProject
Project("{FAE04EC0-301F-11D3-BF4B-00C04F79EFBC}") = "PCCleaner.Core", "PCCleaner.Core\PCCleaner.Core.csproj", "{00F3E1F7-29CC-49DE-A336-5F96FDCDC3FE}"
EndProject
Global
	GlobalSection(SolutionConfigurationPlatforms) = preSolution
		APPS4STORE|Any CPU = APPS4STORE|Any CPU
		APPS4STORE|ARM = APPS4STORE|ARM
		APPS4STORE|ARM64 = APPS4STORE|ARM64
		APPS4STORE|x64 = APPS4STORE|x64
		APPS4STORE|x86 = APPS4STORE|x86
		Debug|Any CPU = Debug|Any CPU
		Debug|ARM = Debug|ARM
		Debug|ARM64 = Debug|ARM64
		Debug|x64 = Debug|x64
		Debug|x86 = Debug|x86
		Release|Any CPU = Release|Any CPU
		Release|ARM = Release|ARM
		Release|ARM64 = Release|ARM64
		Release|x64 = Release|x64
		Release|x86 = Release|x86
		ReleaseStore|Any CPU = ReleaseStore|Any CPU
		ReleaseStore|ARM = ReleaseStore|ARM
		ReleaseStore|ARM64 = ReleaseStore|ARM64
		ReleaseStore|x64 = ReleaseStore|x64
		ReleaseStore|x86 = ReleaseStore|x86
	EndGlobalSection
	GlobalSection(ProjectConfigurationPlatforms) = postSolution
		{42FABB80-0EFD-44C5-9A1E-63C7C462D59F}.APPS4STORE|Any CPU.ActiveCfg = Release|Any CPU
		{42FABB80-0EFD-44C5-9A1E-63C7C462D59F}.APPS4STORE|Any CPU.Build.0 = Release|Any CPU
		{42FABB80-0EFD-44C5-9A1E-63C7C462D59F}.APPS4STORE|ARM.ActiveCfg = Release|ARM
		{42FABB80-0EFD-44C5-9A1E-63C7C462D59F}.APPS4STORE|ARM.Build.0 = Release|ARM
		{42FABB80-0EFD-44C5-9A1E-63C7C462D59F}.APPS4STORE|ARM64.ActiveCfg = Release|ARM64
		{42FABB80-0EFD-44C5-9A1E-63C7C462D59F}.APPS4STORE|ARM64.Build.0 = Release|ARM64
		{42FABB80-0EFD-44C5-9A1E-63C7C462D59F}.APPS4STORE|x64.ActiveCfg = Release|x64
		{42FABB80-0EFD-44C5-9A1E-63C7C462D59F}.APPS4STORE|x64.Build.0 = Release|x64
		{42FABB80-0EFD-44C5-9A1E-63C7C462D59F}.APPS4STORE|x86.ActiveCfg = Release|x86
		{42FABB80-0EFD-44C5-9A1E-63C7C462D59F}.APPS4STORE|x86.Build.0 = Release|x86
		{42FABB80-0EFD-44C5-9A1E-63C7C462D59F}.Debug|Any CPU.ActiveCfg = Debug|Any CPU
		{42FABB80-0EFD-44C5-9A1E-63C7C462D59F}.Debug|Any CPU.Build.0 = Debug|Any CPU
		{42FABB80-0EFD-44C5-9A1E-63C7C462D59F}.Debug|ARM.ActiveCfg = Debug|ARM
		{42FABB80-0EFD-44C5-9A1E-63C7C462D59F}.Debug|ARM.Build.0 = Debug|ARM
		{42FABB80-0EFD-44C5-9A1E-63C7C462D59F}.Debug|ARM64.ActiveCfg = Debug|ARM64
		{42FABB80-0EFD-44C5-9A1E-63C7C462D59F}.Debug|ARM64.Build.0 = Debug|ARM64
		{42FABB80-0EFD-44C5-9A1E-63C7C462D59F}.Debug|x64.ActiveCfg = Debug|x64
		{42FABB80-0EFD-44C5-9A1E-63C7C462D59F}.Debug|x64.Build.0 = Debug|x64
		{42FABB80-0EFD-44C5-9A1E-63C7C462D59F}.Debug|x86.ActiveCfg = Debug|x86
		{42FABB80-0EFD-44C5-9A1E-63C7C462D59F}.Debug|x86.Build.0 = Debug|x86
		{42FABB80-0EFD-44C5-9A1E-63C7C462D59F}.Release|Any CPU.ActiveCfg = Release|Any CPU
		{42FABB80-0EFD-44C5-9A1E-63C7C462D59F}.Release|Any CPU.Build.0 = Release|Any CPU
		{42FABB80-0EFD-44C5-9A1E-63C7C462D59F}.Release|ARM.ActiveCfg = Release|ARM
		{42FABB80-0EFD-44C5-9A1E-63C7C462D59F}.Release|ARM.Build.0 = Release|ARM
		{42FABB80-0EFD-44C5-9A1E-63C7C462D59F}.Release|ARM64.ActiveCfg = Release|ARM64
		{42FABB80-0EFD-44C5-9A1E-63C7C462D59F}.Release|ARM64.Build.0 = Release|ARM64
		{42FABB80-0EFD-44C5-9A1E-63C7C462D59F}.Release|x64.ActiveCfg = Release|x64
		{42FABB80-0EFD-44C5-9A1E-63C7C462D59F}.Release|x64.Build.0 = Release|x64
		{42FABB80-0EFD-44C5-9A1E-63C7C462D59F}.Release|x86.ActiveCfg = Release|x86
		{42FABB80-0EFD-44C5-9A1E-63C7C462D59F}.Release|x86.Build.0 = Release|x86
		{42FABB80-0EFD-44C5-9A1E-63C7C462D59F}.ReleaseStore|Any CPU.ActiveCfg = Release|Any CPU
		{42FABB80-0EFD-44C5-9A1E-63C7C462D59F}.ReleaseStore|Any CPU.Build.0 = Release|Any CPU
		{42FABB80-0EFD-44C5-9A1E-63C7C462D59F}.ReleaseStore|ARM.ActiveCfg = Release|ARM
		{42FABB80-0EFD-44C5-9A1E-63C7C462D59F}.ReleaseStore|ARM.Build.0 = Release|ARM
		{42FABB80-0EFD-44C5-9A1E-63C7C462D59F}.ReleaseStore|ARM64.ActiveCfg = Release|ARM64
		{42FABB80-0EFD-44C5-9A1E-63C7C462D59F}.ReleaseStore|ARM64.Build.0 = Release|ARM64
		{42FABB80-0EFD-44C5-9A1E-63C7C462D59F}.ReleaseStore|x64.ActiveCfg = Release|x64
		{42FABB80-0EFD-44C5-9A1E-63C7C462D59F}.ReleaseStore|x64.Build.0 = Release|x64
		{42FABB80-0EFD-44C5-9A1E-63C7C462D59F}.ReleaseStore|x86.ActiveCfg = Release|x86
		{42FABB80-0EFD-44C5-9A1E-63C7C462D59F}.ReleaseStore|x86.Build.0 = Release|x86
		{F9BBF71E-8002-4C19-99E6-DE1BE03F6B00}.APPS4STORE|Any CPU.ActiveCfg = Release|Any CPU
		{F9BBF71E-8002-4C19-99E6-DE1BE03F6B00}.APPS4STORE|Any CPU.Build.0 = Release|Any CPU
		{F9BBF71E-8002-4C19-99E6-DE1BE03F6B00}.APPS4STORE|ARM.ActiveCfg = Release|ARM
		{F9BBF71E-8002-4C19-99E6-DE1BE03F6B00}.APPS4STORE|ARM.Build.0 = Release|ARM
		{F9BBF71E-8002-4C19-99E6-DE1BE03F6B00}.APPS4STORE|ARM64.ActiveCfg = Release|ARM64
		{F9BBF71E-8002-4C19-99E6-DE1BE03F6B00}.APPS4STORE|ARM64.Build.0 = Release|ARM64
		{F9BBF71E-8002-4C19-99E6-DE1BE03F6B00}.APPS4STORE|x64.ActiveCfg = Release|x64
		{F9BBF71E-8002-4C19-99E6-DE1BE03F6B00}.APPS4STORE|x64.Build.0 = Release|x64
		{F9BBF71E-8002-4C19-99E6-DE1BE03F6B00}.APPS4STORE|x86.ActiveCfg = Release|x86
		{F9BBF71E-8002-4C19-99E6-DE1BE03F6B00}.APPS4STORE|x86.Build.0 = Release|x86
		{F9BBF71E-8002-4C19-99E6-DE1BE03F6B00}.Debug|Any CPU.ActiveCfg = Debug|Any CPU
		{F9BBF71E-8002-4C19-99E6-DE1BE03F6B00}.Debug|Any CPU.Build.0 = Debug|Any CPU
		{F9BBF71E-8002-4C19-99E6-DE1BE03F6B00}.Debug|ARM.ActiveCfg = Debug|ARM
		{F9BBF71E-8002-4C19-99E6-DE1BE03F6B00}.Debug|ARM.Build.0 = Debug|ARM
		{F9BBF71E-8002-4C19-99E6-DE1BE03F6B00}.Debug|ARM64.ActiveCfg = Debug|ARM64
		{F9BBF71E-8002-4C19-99E6-DE1BE03F6B00}.Debug|ARM64.Build.0 = Debug|ARM64
		{F9BBF71E-8002-4C19-99E6-DE1BE03F6B00}.Debug|x64.ActiveCfg = Debug|x64
		{F9BBF71E-8002-4C19-99E6-DE1BE03F6B00}.Debug|x64.Build.0 = Debug|x64
		{F9BBF71E-8002-4C19-99E6-DE1BE03F6B00}.Debug|x86.ActiveCfg = Debug|x86
		{F9BBF71E-8002-4C19-99E6-DE1BE03F6B00}.Debug|x86.Build.0 = Debug|x86
		{F9BBF71E-8002-4C19-99E6-DE1BE03F6B00}.Release|Any CPU.ActiveCfg = Release|Any CPU
		{F9BBF71E-8002-4C19-99E6-DE1BE03F6B00}.Release|Any CPU.Build.0 = Release|Any CPU
		{F9BBF71E-8002-4C19-99E6-DE1BE03F6B00}.Release|ARM.ActiveCfg = Release|ARM
		{F9BBF71E-8002-4C19-99E6-DE1BE03F6B00}.Release|ARM.Build.0 = Release|ARM
		{F9BBF71E-8002-4C19-99E6-DE1BE03F6B00}.Release|ARM64.ActiveCfg = Release|ARM64
		{F9BBF71E-8002-4C19-99E6-DE1BE03F6B00}.Release|ARM64.Build.0 = Release|ARM64
		{F9BBF71E-8002-4C19-99E6-DE1BE03F6B00}.Release|x64.ActiveCfg = Release|x64
		{F9BBF71E-8002-4C19-99E6-DE1BE03F6B00}.Release|x64.Build.0 = Release|x64
		{F9BBF71E-8002-4C19-99E6-DE1BE03F6B00}.Release|x86.ActiveCfg = Release|x86
		{F9BBF71E-8002-4C19-99E6-DE1BE03F6B00}.Release|x86.Build.0 = Release|x86
		{F9BBF71E-8002-4C19-99E6-DE1BE03F6B00}.ReleaseStore|Any CPU.ActiveCfg = Release|Any CPU
		{F9BBF71E-8002-4C19-99E6-DE1BE03F6B00}.ReleaseStore|Any CPU.Build.0 = Release|Any CPU
		{F9BBF71E-8002-4C19-99E6-DE1BE03F6B00}.ReleaseStore|ARM.ActiveCfg = Release|ARM
		{F9BBF71E-8002-4C19-99E6-DE1BE03F6B00}.ReleaseStore|ARM.Build.0 = Release|ARM
		{F9BBF71E-8002-4C19-99E6-DE1BE03F6B00}.ReleaseStore|ARM64.ActiveCfg = Release|ARM64
		{F9BBF71E-8002-4C19-99E6-DE1BE03F6B00}.ReleaseStore|ARM64.Build.0 = Release|ARM64
		{F9BBF71E-8002-4C19-99E6-DE1BE03F6B00}.ReleaseStore|x64.ActiveCfg = Release|x64
		{F9BBF71E-8002-4C19-99E6-DE1BE03F6B00}.ReleaseStore|x64.Build.0 = Release|x64
		{F9BBF71E-8002-4C19-99E6-DE1BE03F6B00}.ReleaseStore|x86.ActiveCfg = Release|x86
		{F9BBF71E-8002-4C19-99E6-DE1BE03F6B00}.ReleaseStore|x86.Build.0 = Release|x86
		{52CEF7CD-B5E1-4869-9110-85ADD925369D}.APPS4STORE|Any CPU.ActiveCfg = Release|x64
		{52CEF7CD-B5E1-4869-9110-85ADD925369D}.APPS4STORE|Any CPU.Build.0 = Release|x64
		{52CEF7CD-B5E1-4869-9110-85ADD925369D}.APPS4STORE|Any CPU.Deploy.0 = Release|x64
		{52CEF7CD-B5E1-4869-9110-85ADD925369D}.APPS4STORE|ARM.ActiveCfg = Release|ARM
		{52CEF7CD-B5E1-4869-9110-85ADD925369D}.APPS4STORE|ARM.Build.0 = Release|ARM
		{52CEF7CD-B5E1-4869-9110-85ADD925369D}.APPS4STORE|ARM.Deploy.0 = Release|ARM
		{52CEF7CD-B5E1-4869-9110-85ADD925369D}.APPS4STORE|ARM64.ActiveCfg = Release|ARM64
		{52CEF7CD-B5E1-4869-9110-85ADD925369D}.APPS4STORE|ARM64.Build.0 = Release|ARM64
		{52CEF7CD-B5E1-4869-9110-85ADD925369D}.APPS4STORE|ARM64.Deploy.0 = Release|ARM64
		{52CEF7CD-B5E1-4869-9110-85ADD925369D}.APPS4STORE|x64.ActiveCfg = Release|x64
		{52CEF7CD-B5E1-4869-9110-85ADD925369D}.APPS4STORE|x64.Build.0 = Release|x64
		{52CEF7CD-B5E1-4869-9110-85ADD925369D}.APPS4STORE|x64.Deploy.0 = Release|x64
		{52CEF7CD-B5E1-4869-9110-85ADD925369D}.APPS4STORE|x86.ActiveCfg = Release|x86
		{52CEF7CD-B5E1-4869-9110-85ADD925369D}.APPS4STORE|x86.Build.0 = Release|x86
		{52CEF7CD-B5E1-4869-9110-85ADD925369D}.APPS4STORE|x86.Deploy.0 = Release|x86
		{52CEF7CD-B5E1-4869-9110-85ADD925369D}.Debug|Any CPU.ActiveCfg = Debug|x86
		{52CEF7CD-B5E1-4869-9110-85ADD925369D}.Debug|ARM.ActiveCfg = Debug|ARM
		{52CEF7CD-B5E1-4869-9110-85ADD925369D}.Debug|ARM.Build.0 = Debug|ARM
		{52CEF7CD-B5E1-4869-9110-85ADD925369D}.Debug|ARM.Deploy.0 = Debug|ARM
		{52CEF7CD-B5E1-4869-9110-85ADD925369D}.Debug|ARM64.ActiveCfg = Debug|ARM64
		{52CEF7CD-B5E1-4869-9110-85ADD925369D}.Debug|ARM64.Build.0 = Debug|ARM64
		{52CEF7CD-B5E1-4869-9110-85ADD925369D}.Debug|ARM64.Deploy.0 = Debug|ARM64
		{52CEF7CD-B5E1-4869-9110-85ADD925369D}.Debug|x64.ActiveCfg = Debug|x64
		{52CEF7CD-B5E1-4869-9110-85ADD925369D}.Debug|x64.Build.0 = Debug|x64
		{52CEF7CD-B5E1-4869-9110-85ADD925369D}.Debug|x64.Deploy.0 = Debug|x64
		{52CEF7CD-B5E1-4869-9110-85ADD925369D}.Debug|x86.ActiveCfg = Debug|x86
		{52CEF7CD-B5E1-4869-9110-85ADD925369D}.Debug|x86.Build.0 = Debug|x86
		{52CEF7CD-B5E1-4869-9110-85ADD925369D}.Debug|x86.Deploy.0 = Debug|x86
		{52CEF7CD-B5E1-4869-9110-85ADD925369D}.Release|Any CPU.ActiveCfg = Release|x86
		{52CEF7CD-B5E1-4869-9110-85ADD925369D}.Release|ARM.ActiveCfg = Release|ARM
		{52CEF7CD-B5E1-4869-9110-85ADD925369D}.Release|ARM.Build.0 = Release|ARM
		{52CEF7CD-B5E1-4869-9110-85ADD925369D}.Release|ARM.Deploy.0 = Release|ARM
		{52CEF7CD-B5E1-4869-9110-85ADD925369D}.Release|ARM64.ActiveCfg = Release|ARM64
		{52CEF7CD-B5E1-4869-9110-85ADD925369D}.Release|ARM64.Build.0 = Release|ARM64
		{52CEF7CD-B5E1-4869-9110-85ADD925369D}.Release|ARM64.Deploy.0 = Release|ARM64
		{52CEF7CD-B5E1-4869-9110-85ADD925369D}.Release|x64.ActiveCfg = Release|x64
		{52CEF7CD-B5E1-4869-9110-85ADD925369D}.Release|x64.Build.0 = Release|x64
		{52CEF7CD-B5E1-4869-9110-85ADD925369D}.Release|x64.Deploy.0 = Release|x64
		{52CEF7CD-B5E1-4869-9110-85ADD925369D}.Release|x86.ActiveCfg = Release|x86
		{52CEF7CD-B5E1-4869-9110-85ADD925369D}.Release|x86.Build.0 = Release|x86
		{52CEF7CD-B5E1-4869-9110-85ADD925369D}.Release|x86.Deploy.0 = Release|x86
		{52CEF7CD-B5E1-4869-9110-85ADD925369D}.ReleaseStore|Any CPU.ActiveCfg = Release|x64
		{52CEF7CD-B5E1-4869-9110-85ADD925369D}.ReleaseStore|Any CPU.Build.0 = Release|x64
		{52CEF7CD-B5E1-4869-9110-85ADD925369D}.ReleaseStore|Any CPU.Deploy.0 = Release|x64
		{52CEF7CD-B5E1-4869-9110-85ADD925369D}.ReleaseStore|ARM.ActiveCfg = Release|ARM
		{52CEF7CD-B5E1-4869-9110-85ADD925369D}.ReleaseStore|ARM.Build.0 = Release|ARM
		{52CEF7CD-B5E1-4869-9110-85ADD925369D}.ReleaseStore|ARM.Deploy.0 = Release|ARM
		{52CEF7CD-B5E1-4869-9110-85ADD925369D}.ReleaseStore|ARM64.ActiveCfg = Release|ARM64
		{52CEF7CD-B5E1-4869-9110-85ADD925369D}.ReleaseStore|ARM64.Build.0 = Release|ARM64
		{52CEF7CD-B5E1-4869-9110-85ADD925369D}.ReleaseStore|ARM64.Deploy.0 = Release|ARM64
		{52CEF7CD-B5E1-4869-9110-85ADD925369D}.ReleaseStore|x64.ActiveCfg = Release|x64
		{52CEF7CD-B5E1-4869-9110-85ADD925369D}.ReleaseStore|x64.Build.0 = Release|x64
		{52CEF7CD-B5E1-4869-9110-85ADD925369D}.ReleaseStore|x64.Deploy.0 = Release|x64
		{52CEF7CD-B5E1-4869-9110-85ADD925369D}.ReleaseStore|x86.ActiveCfg = Release|x86
		{52CEF7CD-B5E1-4869-9110-85ADD925369D}.ReleaseStore|x86.Build.0 = Release|x86
		{52CEF7CD-B5E1-4869-9110-85ADD925369D}.ReleaseStore|x86.Deploy.0 = Release|x86
		{245AD6AA-9E5B-47FE-A875-00B55759FA4B}.APPS4STORE|Any CPU.ActiveCfg = Release|Any CPU
		{245AD6AA-9E5B-47FE-A875-00B55759FA4B}.APPS4STORE|Any CPU.Build.0 = Release|Any CPU
		{245AD6AA-9E5B-47FE-A875-00B55759FA4B}.APPS4STORE|ARM.ActiveCfg = Release|ARM
		{245AD6AA-9E5B-47FE-A875-00B55759FA4B}.APPS4STORE|ARM.Build.0 = Release|ARM
		{245AD6AA-9E5B-47FE-A875-00B55759FA4B}.APPS4STORE|ARM64.ActiveCfg = Release|ARM64
		{245AD6AA-9E5B-47FE-A875-00B55759FA4B}.APPS4STORE|ARM64.Build.0 = Release|ARM64
		{245AD6AA-9E5B-47FE-A875-00B55759FA4B}.APPS4STORE|x64.ActiveCfg = Release|x64
		{245AD6AA-9E5B-47FE-A875-00B55759FA4B}.APPS4STORE|x64.Build.0 = Release|x64
		{245AD6AA-9E5B-47FE-A875-00B55759FA4B}.APPS4STORE|x86.ActiveCfg = Release|x86
		{245AD6AA-9E5B-47FE-A875-00B55759FA4B}.APPS4STORE|x86.Build.0 = Release|x86
		{245AD6AA-9E5B-47FE-A875-00B55759FA4B}.Debug|Any CPU.ActiveCfg = Debug|Any CPU
		{245AD6AA-9E5B-47FE-A875-00B55759FA4B}.Debug|Any CPU.Build.0 = Debug|Any CPU
		{245AD6AA-9E5B-47FE-A875-00B55759FA4B}.Debug|ARM.ActiveCfg = Debug|ARM
		{245AD6AA-9E5B-47FE-A875-00B55759FA4B}.Debug|ARM.Build.0 = Debug|ARM
		{245AD6AA-9E5B-47FE-A875-00B55759FA4B}.Debug|ARM64.ActiveCfg = Debug|ARM64
		{245AD6AA-9E5B-47FE-A875-00B55759FA4B}.Debug|ARM64.Build.0 = Debug|ARM64
		{245AD6AA-9E5B-47FE-A875-00B55759FA4B}.Debug|x64.ActiveCfg = Debug|x64
		{245AD6AA-9E5B-47FE-A875-00B55759FA4B}.Debug|x64.Build.0 = Debug|x64
		{245AD6AA-9E5B-47FE-A875-00B55759FA4B}.Debug|x86.ActiveCfg = Debug|x86
		{245AD6AA-9E5B-47FE-A875-00B55759FA4B}.Debug|x86.Build.0 = Debug|x86
		{245AD6AA-9E5B-47FE-A875-00B55759FA4B}.Release|Any CPU.ActiveCfg = Release|Any CPU
		{245AD6AA-9E5B-47FE-A875-00B55759FA4B}.Release|Any CPU.Build.0 = Release|Any CPU
		{245AD6AA-9E5B-47FE-A875-00B55759FA4B}.Release|ARM.ActiveCfg = Release|ARM
		{245AD6AA-9E5B-47FE-A875-00B55759FA4B}.Release|ARM.Build.0 = Release|ARM
		{245AD6AA-9E5B-47FE-A875-00B55759FA4B}.Release|ARM64.ActiveCfg = Release|ARM64
		{245AD6AA-9E5B-47FE-A875-00B55759FA4B}.Release|ARM64.Build.0 = Release|ARM64
		{245AD6AA-9E5B-47FE-A875-00B55759FA4B}.Release|x64.ActiveCfg = Release|x64
		{245AD6AA-9E5B-47FE-A875-00B55759FA4B}.Release|x64.Build.0 = Release|x64
		{245AD6AA-9E5B-47FE-A875-00B55759FA4B}.Release|x86.ActiveCfg = Release|x86
		{245AD6AA-9E5B-47FE-A875-00B55759FA4B}.Release|x86.Build.0 = Release|x86
		{245AD6AA-9E5B-47FE-A875-00B55759FA4B}.ReleaseStore|Any CPU.ActiveCfg = Release|Any CPU
		{245AD6AA-9E5B-47FE-A875-00B55759FA4B}.ReleaseStore|Any CPU.Build.0 = Release|Any CPU
		{245AD6AA-9E5B-47FE-A875-00B55759FA4B}.ReleaseStore|ARM.ActiveCfg = Release|ARM
		{245AD6AA-9E5B-47FE-A875-00B55759FA4B}.ReleaseStore|ARM.Build.0 = Release|ARM
		{245AD6AA-9E5B-47FE-A875-00B55759FA4B}.ReleaseStore|ARM64.ActiveCfg = Release|ARM64
		{245AD6AA-9E5B-47FE-A875-00B55759FA4B}.ReleaseStore|ARM64.Build.0 = Release|ARM64
		{245AD6AA-9E5B-47FE-A875-00B55759FA4B}.ReleaseStore|x64.ActiveCfg = Release|x64
		{245AD6AA-9E5B-47FE-A875-00B55759FA4B}.ReleaseStore|x64.Build.0 = Release|x64
		{245AD6AA-9E5B-47FE-A875-00B55759FA4B}.ReleaseStore|x86.ActiveCfg = Release|x86
		{245AD6AA-9E5B-47FE-A875-00B55759FA4B}.ReleaseStore|x86.Build.0 = Release|x86
		{9A6C44D6-0419-46BC-997A-2CCE30C93AE5}.APPS4STORE|Any CPU.ActiveCfg = APPS4STORE|Any CPU
		{9A6C44D6-0419-46BC-997A-2CCE30C93AE5}.APPS4STORE|Any CPU.Build.0 = APPS4STORE|Any CPU
		{9A6C44D6-0419-46BC-997A-2CCE30C93AE5}.APPS4STORE|ARM.ActiveCfg = APPS4STORE|ARM
		{9A6C44D6-0419-46BC-997A-2CCE30C93AE5}.APPS4STORE|ARM.Build.0 = APPS4STORE|ARM
		{9A6C44D6-0419-46BC-997A-2CCE30C93AE5}.APPS4STORE|ARM64.ActiveCfg = APPS4STORE|ARM64
		{9A6C44D6-0419-46BC-997A-2CCE30C93AE5}.APPS4STORE|ARM64.Build.0 = APPS4STORE|ARM64
		{9A6C44D6-0419-46BC-997A-2CCE30C93AE5}.APPS4STORE|x64.ActiveCfg = APPS4STORE|x64
		{9A6C44D6-0419-46BC-997A-2CCE30C93AE5}.APPS4STORE|x64.Build.0 = APPS4STORE|x64
		{9A6C44D6-0419-46BC-997A-2CCE30C93AE5}.APPS4STORE|x86.ActiveCfg = APPS4STORE|x86
		{9A6C44D6-0419-46BC-997A-2CCE30C93AE5}.APPS4STORE|x86.Build.0 = APPS4STORE|x86
		{9A6C44D6-0419-46BC-997A-2CCE30C93AE5}.Debug|Any CPU.ActiveCfg = Debug|Any CPU
		{9A6C44D6-0419-46BC-997A-2CCE30C93AE5}.Debug|Any CPU.Build.0 = Debug|Any CPU
		{9A6C44D6-0419-46BC-997A-2CCE30C93AE5}.Debug|ARM.ActiveCfg = Debug|ARM
		{9A6C44D6-0419-46BC-997A-2CCE30C93AE5}.Debug|ARM.Build.0 = Debug|ARM
		{9A6C44D6-0419-46BC-997A-2CCE30C93AE5}.Debug|ARM64.ActiveCfg = Debug|ARM64
		{9A6C44D6-0419-46BC-997A-2CCE30C93AE5}.Debug|ARM64.Build.0 = Debug|ARM64
		{9A6C44D6-0419-46BC-997A-2CCE30C93AE5}.Debug|x64.ActiveCfg = Debug|x64
		{9A6C44D6-0419-46BC-997A-2CCE30C93AE5}.Debug|x64.Build.0 = Debug|x64
		{9A6C44D6-0419-46BC-997A-2CCE30C93AE5}.Debug|x86.ActiveCfg = Debug|x86
		{9A6C44D6-0419-46BC-997A-2CCE30C93AE5}.Debug|x86.Build.0 = Debug|x86
		{9A6C44D6-0419-46BC-997A-2CCE30C93AE5}.Release|Any CPU.ActiveCfg = Release|Any CPU
		{9A6C44D6-0419-46BC-997A-2CCE30C93AE5}.Release|Any CPU.Build.0 = Release|Any CPU
		{9A6C44D6-0419-46BC-997A-2CCE30C93AE5}.Release|ARM.ActiveCfg = Release|ARM
		{9A6C44D6-0419-46BC-997A-2CCE30C93AE5}.Release|ARM.Build.0 = Release|ARM
		{9A6C44D6-0419-46BC-997A-2CCE30C93AE5}.Release|ARM64.ActiveCfg = Release|ARM64
		{9A6C44D6-0419-46BC-997A-2CCE30C93AE5}.Release|ARM64.Build.0 = Release|ARM64
		{9A6C44D6-0419-46BC-997A-2CCE30C93AE5}.Release|x64.ActiveCfg = Release|x64
		{9A6C44D6-0419-46BC-997A-2CCE30C93AE5}.Release|x64.Build.0 = Release|x64
		{9A6C44D6-0419-46BC-997A-2CCE30C93AE5}.Release|x86.ActiveCfg = Release|x86
		{9A6C44D6-0419-46BC-997A-2CCE30C93AE5}.Release|x86.Build.0 = Release|x86
		{9A6C44D6-0419-46BC-997A-2CCE30C93AE5}.ReleaseStore|Any CPU.ActiveCfg = ReleaseStore|Any CPU
		{9A6C44D6-0419-46BC-997A-2CCE30C93AE5}.ReleaseStore|Any CPU.Build.0 = ReleaseStore|Any CPU
		{9A6C44D6-0419-46BC-997A-2CCE30C93AE5}.ReleaseStore|ARM.ActiveCfg = ReleaseStore|ARM
		{9A6C44D6-0419-46BC-997A-2CCE30C93AE5}.ReleaseStore|ARM.Build.0 = ReleaseStore|ARM
		{9A6C44D6-0419-46BC-997A-2CCE30C93AE5}.ReleaseStore|ARM64.ActiveCfg = ReleaseStore|ARM64
		{9A6C44D6-0419-46BC-997A-2CCE30C93AE5}.ReleaseStore|ARM64.Build.0 = ReleaseStore|ARM64
		{9A6C44D6-0419-46BC-997A-2CCE30C93AE5}.ReleaseStore|x64.ActiveCfg = ReleaseStore|x64
		{9A6C44D6-0419-46BC-997A-2CCE30C93AE5}.ReleaseStore|x64.Build.0 = ReleaseStore|x64
		{9A6C44D6-0419-46BC-997A-2CCE30C93AE5}.ReleaseStore|x86.ActiveCfg = ReleaseStore|x86
		{9A6C44D6-0419-46BC-997A-2CCE30C93AE5}.ReleaseStore|x86.Build.0 = ReleaseStore|x86
		{00F3E1F7-29CC-49DE-A336-5F96FDCDC3FE}.APPS4STORE|Any CPU.ActiveCfg = Debug|Any CPU
		{00F3E1F7-29CC-49DE-A336-5F96FDCDC3FE}.APPS4STORE|Any CPU.Build.0 = Debug|Any CPU
		{00F3E1F7-29CC-49DE-A336-5F96FDCDC3FE}.APPS4STORE|ARM.ActiveCfg = Debug|ARM
		{00F3E1F7-29CC-49DE-A336-5F96FDCDC3FE}.APPS4STORE|ARM.Build.0 = Debug|ARM
		{00F3E1F7-29CC-49DE-A336-5F96FDCDC3FE}.APPS4STORE|ARM64.ActiveCfg = Debug|ARM64
		{00F3E1F7-29CC-49DE-A336-5F96FDCDC3FE}.APPS4STORE|ARM64.Build.0 = Debug|ARM64
		{00F3E1F7-29CC-49DE-A336-5F96FDCDC3FE}.APPS4STORE|x64.ActiveCfg = Debug|x64
		{00F3E1F7-29CC-49DE-A336-5F96FDCDC3FE}.APPS4STORE|x64.Build.0 = Debug|x64
		{00F3E1F7-29CC-49DE-A336-5F96FDCDC3FE}.APPS4STORE|x86.ActiveCfg = Debug|x86
		{00F3E1F7-29CC-49DE-A336-5F96FDCDC3FE}.APPS4STORE|x86.Build.0 = Debug|x86
		{00F3E1F7-29CC-49DE-A336-5F96FDCDC3FE}.Debug|Any CPU.ActiveCfg = Debug|Any CPU
		{00F3E1F7-29CC-49DE-A336-5F96FDCDC3FE}.Debug|Any CPU.Build.0 = Debug|Any CPU
		{00F3E1F7-29CC-49DE-A336-5F96FDCDC3FE}.Debug|ARM.ActiveCfg = Debug|ARM
		{00F3E1F7-29CC-49DE-A336-5F96FDCDC3FE}.Debug|ARM.Build.0 = Debug|ARM
		{00F3E1F7-29CC-49DE-A336-5F96FDCDC3FE}.Debug|ARM64.ActiveCfg = Debug|ARM64
		{00F3E1F7-29CC-49DE-A336-5F96FDCDC3FE}.Debug|ARM64.Build.0 = Debug|ARM64
		{00F3E1F7-29CC-49DE-A336-5F96FDCDC3FE}.Debug|x64.ActiveCfg = Debug|x64
		{00F3E1F7-29CC-49DE-A336-5F96FDCDC3FE}.Debug|x64.Build.0 = Debug|x64
		{00F3E1F7-29CC-49DE-A336-5F96FDCDC3FE}.Debug|x86.ActiveCfg = Debug|x86
		{00F3E1F7-29CC-49DE-A336-5F96FDCDC3FE}.Debug|x86.Build.0 = Debug|x86
		{00F3E1F7-29CC-49DE-A336-5F96FDCDC3FE}.Release|Any CPU.ActiveCfg = Release|Any CPU
		{00F3E1F7-29CC-49DE-A336-5F96FDCDC3FE}.Release|Any CPU.Build.0 = Release|Any CPU
		{00F3E1F7-29CC-49DE-A336-5F96FDCDC3FE}.Release|ARM.ActiveCfg = Release|ARM
		{00F3E1F7-29CC-49DE-A336-5F96FDCDC3FE}.Release|ARM.Build.0 = Release|ARM
		{00F3E1F7-29CC-49DE-A336-5F96FDCDC3FE}.Release|ARM64.ActiveCfg = Release|ARM64
		{00F3E1F7-29CC-49DE-A336-5F96FDCDC3FE}.Release|ARM64.Build.0 = Release|ARM64
		{00F3E1F7-29CC-49DE-A336-5F96FDCDC3FE}.Release|x64.ActiveCfg = Release|x64
		{00F3E1F7-29CC-49DE-A336-5F96FDCDC3FE}.Release|x64.Build.0 = Release|x64
		{00F3E1F7-29CC-49DE-A336-5F96FDCDC3FE}.Release|x86.ActiveCfg = Release|x86
		{00F3E1F7-29CC-49DE-A336-5F96FDCDC3FE}.Release|x86.Build.0 = Release|x86
		{00F3E1F7-29CC-49DE-A336-5F96FDCDC3FE}.ReleaseStore|Any CPU.ActiveCfg = Release|Any CPU
		{00F3E1F7-29CC-49DE-A336-5F96FDCDC3FE}.ReleaseStore|Any CPU.Build.0 = Release|Any CPU
		{00F3E1F7-29CC-49DE-A336-5F96FDCDC3FE}.ReleaseStore|ARM.ActiveCfg = Release|ARM
		{00F3E1F7-29CC-49DE-A336-5F96FDCDC3FE}.ReleaseStore|ARM.Build.0 = Release|ARM
		{00F3E1F7-29CC-49DE-A336-5F96FDCDC3FE}.ReleaseStore|ARM64.ActiveCfg = Release|ARM64
		{00F3E1F7-29CC-49DE-A336-5F96FDCDC3FE}.ReleaseStore|ARM64.Build.0 = Release|ARM64
		{00F3E1F7-29CC-49DE-A336-5F96FDCDC3FE}.ReleaseStore|x64.ActiveCfg = Release|x64
		{00F3E1F7-29CC-49DE-A336-5F96FDCDC3FE}.ReleaseStore|x64.Build.0 = Release|x64
		{00F3E1F7-29CC-49DE-A336-5F96FDCDC3FE}.ReleaseStore|x86.ActiveCfg = Release|x86
		{00F3E1F7-29CC-49DE-A336-5F96FDCDC3FE}.ReleaseStore|x86.Build.0 = Release|x86
	EndGlobalSection
	GlobalSection(SolutionProperties) = preSolution
		HideSolutionNode = FALSE
	EndGlobalSection
	GlobalSection(ExtensibilityGlobals) = postSolution
		SolutionGuid = {F6C67677-359B-41C6-90D6-6291F83B66F8}
	EndGlobalSection
EndGlobal
